
Microsoft Visual Studio Solution File, Format Version 12.00
# Visual Studio 15
VisualStudioVersion = 15.0.28307.572
MinimumVisualStudioVersion = 10.0.40219.1
Project("{FAE04EC0-301F-11D3-BF4B-00C04F79EFBC}") = "Javascript", "Javascript\Javascript.csproj", "{CDC2AF30-1640-434B-8FAC-97D506DF1D25}"
EndProject
Global
	GlobalSection(SolutionConfigurationPlatforms) = preSolution
		Debug|Any CPU = Debug|Any CPU
		Release|Any CPU = Release|Any CPU
	EndGlobalSection
	GlobalSection(ProjectConfigurationPlatforms) = postSolution
		{CDC2AF30-1640-434B-8FAC-97D506DF1D25}.Debug|Any CPU.ActiveCfg = Debug|Any CPU
		{CDC2AF30-1640-434B-8FAC-97D506DF1D25}.Debug|Any CPU.Build.0 = Debug|Any CPU
		{CDC2AF30-1640-434B-8FAC-97D506DF1D25}.Release|Any CPU.ActiveCfg = Release|Any CPU
		{CDC2AF30-1640-434B-8FAC-97D506DF1D25}.Release|Any CPU.Build.0 = Release|Any CPU
	EndGlobalSection
	GlobalSection(SolutionProperties) = preSolution
		HideSolutionNode = FALSE
	EndGlobalSection
	GlobalSection(ExtensibilityGlobals) = postSolution
		SolutionGuid = {FBF8D87A-DF09-4B37-B9FE-8ED23EC0436E}
	EndGlobalSection
EndGlobal
