
Microsoft Visual Studio Solution File, Format Version 12.00
# Visual Studio 15
VisualStudioVersion = 15.0.28307.572
MinimumVisualStudioVersion = 10.0.40219.1
Project("{FAE04EC0-301F-11D3-BF4B-00C04F79EFBC}") = "FormApp", "FormApp\FormApp.csproj", "{0396EF52-72C3-40D1-A84A-EE5B714E8C84}"
EndProject
Project("{FAE04EC0-301F-11D3-BF4B-00C04F79EFBC}") = "FormApp.Data", "FormApp.Data\FormApp.Data.csproj", "{CC012FCF-CAF8-4E49-9106-65C45CE395B0}"
EndProject
Global
	GlobalSection(SolutionConfigurationPlatforms) = preSolution
		Debug|Any CPU = Debug|Any CPU
		Release|Any CPU = Release|Any CPU
	EndGlobalSection
	GlobalSection(ProjectConfigurationPlatforms) = postSolution
		{0396EF52-72C3-40D1-A84A-EE5B714E8C84}.Debug|Any CPU.ActiveCfg = Debug|Any CPU
		{0396EF52-72C3-40D1-A84A-EE5B714E8C84}.Debug|Any CPU.Build.0 = Debug|Any CPU
		{0396EF52-72C3-40D1-A84A-EE5B714E8C84}.Release|Any CPU.ActiveCfg = Release|Any CPU
		{0396EF52-72C3-40D1-A84A-EE5B714E8C84}.Release|Any CPU.Build.0 = Release|Any CPU
		{CC012FCF-CAF8-4E49-9106-65C45CE395B0}.Debug|Any CPU.ActiveCfg = Debug|Any CPU
		{CC012FCF-CAF8-4E49-9106-65C45CE395B0}.Debug|Any CPU.Build.0 = Debug|Any CPU
		{CC012FCF-CAF8-4E49-9106-65C45CE395B0}.Release|Any CPU.ActiveCfg = Release|Any CPU
		{CC012FCF-CAF8-4E49-9106-65C45CE395B0}.Release|Any CPU.Build.0 = Release|Any CPU
	EndGlobalSection
	GlobalSection(SolutionProperties) = preSolution
		HideSolutionNode = FALSE
	EndGlobalSection
	GlobalSection(ExtensibilityGlobals) = postSolution
		SolutionGuid = {FEBDFB41-6D4C-4BA1-9BB7-C24BAC038D31}
	EndGlobalSection
EndGlobal
